
Microsoft Visual Studio Solution File, Format Version 12.00
# Visual Studio Version 16
VisualStudioVersion = 16.0.31129.286
MinimumVisualStudioVersion = 10.0.40219.1
Project("{9A19103F-16F7-4668-BE54-9A1E7A4F7556}") = "Casolution.Web", "casolution.web\Casolution.Web.csproj", "{30EE9FAA-BD29-4A8C-BDCA-14B4D32CB78D}"
EndProject
Project("{9A19103F-16F7-4668-BE54-9A1E7A4F7556}") = "Casolution.Shared", "Casolution.Shared\Casolution.Shared.csproj", "{68AD2D59-C255-4F42-B5F4-B8FEE2ED6CFB}"
EndProject
Project("{9A19103F-16F7-4668-BE54-9A1E7A4F7556}") = "Casolution.Repository", "Casolution.Repository\Casolution.Repository.csproj", "{DCC2BE72-914B-45DC-AD71-07E33B25CA91}"
EndProject
Project("{9A19103F-16F7-4668-BE54-9A1E7A4F7556}") = "Casolution.Migration", "Casolution.Migration\Casolution.Migration.csproj", "{4BA0FAB7-C935-4B73-A551-EA6E400B72B4}"
EndProject
Project("{9A19103F-16F7-4668-BE54-9A1E7A4F7556}") = "Casolution.Generic", "Casolution.Generic\Casolution.Generic.csproj", "{943FACA3-041B-4646-A452-EE3A61DEC851}"
EndProject
Project("{9A19103F-16F7-4668-BE54-9A1E7A4F7556}") = "Casolution.Domain", "Casolution.Domain\Casolution.Domain.csproj", "{38002302-F074-4A6F-A97B-3C8E964788C8}"
EndProject
Project("{9A19103F-16F7-4668-BE54-9A1E7A4F7556}") = "Casoluiton.Service", "Casoluiton.Service\Casoluiton.Service.csproj", "{FBCA8E82-0491-4DCE-84D5-141424870976}"
EndProject
Global
	GlobalSection(SolutionConfigurationPlatforms) = preSolution
		Debug|Any CPU = Debug|Any CPU
		Release|Any CPU = Release|Any CPU
	EndGlobalSection
	GlobalSection(ProjectConfigurationPlatforms) = postSolution
		{30EE9FAA-BD29-4A8C-BDCA-14B4D32CB78D}.Debug|Any CPU.ActiveCfg = Debug|Any CPU
		{30EE9FAA-BD29-4A8C-BDCA-14B4D32CB78D}.Debug|Any CPU.Build.0 = Debug|Any CPU
		{30EE9FAA-BD29-4A8C-BDCA-14B4D32CB78D}.Release|Any CPU.ActiveCfg = Release|Any CPU
		{30EE9FAA-BD29-4A8C-BDCA-14B4D32CB78D}.Release|Any CPU.Build.0 = Release|Any CPU
		{68AD2D59-C255-4F42-B5F4-B8FEE2ED6CFB}.Debug|Any CPU.ActiveCfg = Debug|Any CPU
		{68AD2D59-C255-4F42-B5F4-B8FEE2ED6CFB}.Debug|Any CPU.Build.0 = Debug|Any CPU
		{68AD2D59-C255-4F42-B5F4-B8FEE2ED6CFB}.Release|Any CPU.ActiveCfg = Release|Any CPU
		{68AD2D59-C255-4F42-B5F4-B8FEE2ED6CFB}.Release|Any CPU.Build.0 = Release|Any CPU
		{DCC2BE72-914B-45DC-AD71-07E33B25CA91}.Debug|Any CPU.ActiveCfg = Debug|Any CPU
		{DCC2BE72-914B-45DC-AD71-07E33B25CA91}.Debug|Any CPU.Build.0 = Debug|Any CPU
		{DCC2BE72-914B-45DC-AD71-07E33B25CA91}.Release|Any CPU.ActiveCfg = Release|Any CPU
		{DCC2BE72-914B-45DC-AD71-07E33B25CA91}.Release|Any CPU.Build.0 = Release|Any CPU
		{4BA0FAB7-C935-4B73-A551-EA6E400B72B4}.Debug|Any CPU.ActiveCfg = Debug|Any CPU
		{4BA0FAB7-C935-4B73-A551-EA6E400B72B4}.Debug|Any CPU.Build.0 = Debug|Any CPU
		{4BA0FAB7-C935-4B73-A551-EA6E400B72B4}.Release|Any CPU.ActiveCfg = Release|Any CPU
		{4BA0FAB7-C935-4B73-A551-EA6E400B72B4}.Release|Any CPU.Build.0 = Release|Any CPU
		{943FACA3-041B-4646-A452-EE3A61DEC851}.Debug|Any CPU.ActiveCfg = Debug|Any CPU
		{943FACA3-041B-4646-A452-EE3A61DEC851}.Debug|Any CPU.Build.0 = Debug|Any CPU
		{943FACA3-041B-4646-A452-EE3A61DEC851}.Release|Any CPU.ActiveCfg = Release|Any CPU
		{943FACA3-041B-4646-A452-EE3A61DEC851}.Release|Any CPU.Build.0 = Release|Any CPU
		{38002302-F074-4A6F-A97B-3C8E964788C8}.Debug|Any CPU.ActiveCfg = Debug|Any CPU
		{38002302-F074-4A6F-A97B-3C8E964788C8}.Debug|Any CPU.Build.0 = Debug|Any CPU
		{38002302-F074-4A6F-A97B-3C8E964788C8}.Release|Any CPU.ActiveCfg = Release|Any CPU
		{38002302-F074-4A6F-A97B-3C8E964788C8}.Release|Any CPU.Build.0 = Release|Any CPU
		{FBCA8E82-0491-4DCE-84D5-141424870976}.Debug|Any CPU.ActiveCfg = Debug|Any CPU
		{FBCA8E82-0491-4DCE-84D5-141424870976}.Debug|Any CPU.Build.0 = Debug|Any CPU
		{FBCA8E82-0491-4DCE-84D5-141424870976}.Release|Any CPU.ActiveCfg = Release|Any CPU
		{FBCA8E82-0491-4DCE-84D5-141424870976}.Release|Any CPU.Build.0 = Release|Any CPU
	EndGlobalSection
	GlobalSection(SolutionProperties) = preSolution
		HideSolutionNode = FALSE
	EndGlobalSection
	GlobalSection(ExtensibilityGlobals) = postSolution
		SolutionGuid = {F6394A38-E439-49D2-A99D-C4F4FB3F7675}
	EndGlobalSection
EndGlobal
